
Microsoft Visual Studio Solution File, Format Version 12.00
# Visual Studio Version 16
VisualStudioVersion = 16.0.30503.244
MinimumVisualStudioVersion = 10.0.40219.1
Project("{FAE04EC0-301F-11D3-BF4B-00C04F79EFBC}") = "project", "project\project.csproj", "{D039BCA9-459D-43EC-86A8-5E7D81604783}"
EndProject
Global
	GlobalSection(SolutionConfigurationPlatforms) = preSolution
		Debug|Any CPU = Debug|Any CPU
		Release|Any CPU = Release|Any CPU
	EndGlobalSection
	GlobalSection(ProjectConfigurationPlatforms) = postSolution
		{D039BCA9-459D-43EC-86A8-5E7D81604783}.Debug|Any CPU.ActiveCfg = Debug|Any CPU
		{D039BCA9-459D-43EC-86A8-5E7D81604783}.Debug|Any CPU.Build.0 = Debug|Any CPU
		{D039BCA9-459D-43EC-86A8-5E7D81604783}.Release|Any CPU.ActiveCfg = Release|Any CPU
		{D039BCA9-459D-43EC-86A8-5E7D81604783}.Release|Any CPU.Build.0 = Release|Any CPU
	EndGlobalSection
	GlobalSection(SolutionProperties) = preSolution
		HideSolutionNode = FALSE
	EndGlobalSection
	GlobalSection(ExtensibilityGlobals) = postSolution
		SolutionGuid = {B778A6F0-9C50-4128-81E7-21BEC003D5A6}
	EndGlobalSection
EndGlobal
